// !$*UTF8*$!
{
	archiveVersion = 1;
	classes = {
	};
	objectVersion = 50;
	objects = {

/* Begin PBXBuildFile section */
		FF286DDE25486D9F00BDCDFF /* AppDelegate.swift in Sources */ = {isa = PBXBuildFile; fileRef = FF286DDD25486D9F00BDCDFF /* AppDelegate.swift */; };
		FF286DE025486D9F00BDCDFF /* SceneDelegate.swift in Sources */ = {isa = PBXBuildFile; fileRef = FF286DDF25486D9F00BDCDFF /* SceneDelegate.swift */; };
		FF286DE225486D9F00BDCDFF /* ContentView.swift in Sources */ = {isa = PBXBuildFile; fileRef = FF286DE125486D9F00BDCDFF /* ContentView.swift */; };
		FF286DE425486DA100BDCDFF /* Assets.xcassets in Resources */ = {isa = PBXBuildFile; fileRef = FF286DE325486DA100BDCDFF /* Assets.xcassets */; };
		FF286DE725486DA100BDCDFF /* Preview Assets.xcassets in Resources */ = {isa = PBXBuildFile; fileRef = FF286DE625486DA100BDCDFF /* Preview Assets.xcassets */; };
		FF286DEA25486DA100BDCDFF /* LaunchScreen.storyboard in Resources */ = {isa = PBXBuildFile; fileRef = FF286DE825486DA100BDCDFF /* LaunchScreen.storyboard */; };
		FF286DFB2548709500BDCDFF /* GameUISlider.swift in Sources */ = {isa = PBXBuildFile; fileRef = FF286DFA2548709500BDCDFF /* GameUISlider.swift */; };
		FF286DFF2548740E00BDCDFF /* GameSlider.swift in Sources */ = {isa = PBXBuildFile; fileRef = FF286DFE2548740E00BDCDFF /* GameSlider.swift */; };
		FF286E0A2548852200BDCDFF /* LabelValue.swift in Sources */ = {isa = PBXBuildFile; fileRef = FF286E092548852200BDCDFF /* LabelValue.swift */; };
		FF286E0D2548899000BDCDFF /* ButtonTapped.swift in Sources */ = {isa = PBXBuildFile; fileRef = FF286E0C2548899000BDCDFF /* ButtonTapped.swift */; };
/* End PBXBuildFile section */

/* Begin PBXFileReference section */
		FF286DDA25486D9F00BDCDFF /* SwiftUISliderGame.app */ = {isa = PBXFileReference; explicitFileType = wrapper.application; includeInIndex = 0; path = SwiftUISliderGame.app; sourceTree = BUILT_PRODUCTS_DIR; };
		FF286DDD25486D9F00BDCDFF /* AppDelegate.swift */ = {isa = PBXFileReference; lastKnownFileType = sourcecode.swift; path = AppDelegate.swift; sourceTree = "<group>"; };
		FF286DDF25486D9F00BDCDFF /* SceneDelegate.swift */ = {isa = PBXFileReference; lastKnownFileType = sourcecode.swift; path = SceneDelegate.swift; sourceTree = "<group>"; };
		FF286DE125486D9F00BDCDFF /* ContentView.swift */ = {isa = PBXFileReference; lastKnownFileType = sourcecode.swift; path = ContentView.swift; sourceTree = "<group>"; };
		FF286DE325486DA100BDCDFF /* Assets.xcassets */ = {isa = PBXFileReference; lastKnownFileType = folder.assetcatalog; path = Assets.xcassets; sourceTree = "<group>"; };
		FF286DE625486DA100BDCDFF /* Preview Assets.xcassets */ = {isa = PBXFileReference; lastKnownFileType = folder.assetcatalog; path = "Preview Assets.xcassets"; sourceTree = "<group>"; };
		FF286DE925486DA100BDCDFF /* Base */ = {isa = PBXFileReference; lastKnownFileType = file.storyboard; name = Base; path = Base.lproj/LaunchScreen.storyboard; sourceTree = "<group>"; };
		FF286DEB25486DA100BDCDFF /* Info.plist */ = {isa = PBXFileReference; lastKnownFileType = text.plist.xml; path = Info.plist; sourceTree = "<group>"; };
		FF286DFA2548709500BDCDFF /* GameUISlider.swift */ = {isa = PBXFileReference; lastKnownFileType = sourcecode.swift; path = GameUISlider.swift; sourceTree = "<group>"; };
		FF286DFE2548740E00BDCDFF /* GameSlider.swift */ = {isa = PBXFileReference; lastKnownFileType = sourcecode.swift; path = GameSlider.swift; sourceTree = "<group>"; };
		FF286E092548852200BDCDFF /* LabelValue.swift */ = {isa = PBXFileReference; lastKnownFileType = sourcecode.swift; path = LabelValue.swift; sourceTree = "<group>"; };
		FF286E0C2548899000BDCDFF /* ButtonTapped.swift */ = {isa = PBXFileReference; lastKnownFileType = sourcecode.swift; path = ButtonTapped.swift; sourceTree = "<group>"; };
/* End PBXFileReference section */

/* Begin PBXFrameworksBuildPhase section */
		FF286DD725486D9F00BDCDFF /* Frameworks */ = {
			isa = PBXFrameworksBuildPhase;
			buildActionMask = 2147483647;
			files = (
			);
			runOnlyForDeploymentPostprocessing = 0;
		};
/* End PBXFrameworksBuildPhase section */

/* Begin PBXGroup section */
		FF286DD125486D9F00BDCDFF = {
			isa = PBXGroup;
			children = (
				FF286DDC25486D9F00BDCDFF /* SwiftUISliderGame */,
				FF286DDB25486D9F00BDCDFF /* Products */,
			);
			sourceTree = "<group>";
		};
		FF286DDB25486D9F00BDCDFF /* Products */ = {
			isa = PBXGroup;
			children = (
				FF286DDA25486D9F00BDCDFF /* SwiftUISliderGame.app */,
			);
			name = Products;
			sourceTree = "<group>";
		};
		FF286DDC25486D9F00BDCDFF /* SwiftUISliderGame */ = {
			isa = PBXGroup;
			children = (
				FF286E05254874B700BDCDFF /* Views */,
				FF286E07254874C100BDCDFF /* Storyboards */,
				FF286E022548748E00BDCDFF /* SupportingFiles */,
				FF286E012548743B00BDCDFF /* Sources */,
				FF286DE525486DA100BDCDFF /* Preview Content */,
			);
			path = SwiftUISliderGame;
			sourceTree = "<group>";
		};
		FF286DE525486DA100BDCDFF /* Preview Content */ = {
			isa = PBXGroup;
			children = (
				FF286DE625486DA100BDCDFF /* Preview Assets.xcassets */,
			);
			path = "Preview Content";
			sourceTree = "<group>";
		};
		FF286E012548743B00BDCDFF /* Sources */ = {
			isa = PBXGroup;
			children = (
				FF286DE325486DA100BDCDFF /* Assets.xcassets */,
			);
			path = Sources;
			sourceTree = "<group>";
		};
		FF286E022548748E00BDCDFF /* SupportingFiles */ = {
			isa = PBXGroup;
			children = (
				FF286DDD25486D9F00BDCDFF /* AppDelegate.swift */,
				FF286DDF25486D9F00BDCDFF /* SceneDelegate.swift */,
				FF286DEB25486DA100BDCDFF /* Info.plist */,
			);
			path = SupportingFiles;
			sourceTree = "<group>";
		};
		FF286E05254874B700BDCDFF /* Views */ = {
			isa = PBXGroup;
			children = (
				FF286DE125486D9F00BDCDFF /* ContentView.swift */,
				FF286DFE2548740E00BDCDFF /* GameSlider.swift */,
				FF286DFA2548709500BDCDFF /* GameUISlider.swift */,
				FF286E092548852200BDCDFF /* LabelValue.swift */,
				FF286E0C2548899000BDCDFF /* ButtonTapped.swift */,
			);
			path = Views;
			sourceTree = "<group>";
		};
		FF286E07254874C100BDCDFF /* Storyboards */ = {
			isa = PBXGroup;
			children = (
				FF286DE825486DA100BDCDFF /* LaunchScreen.storyboard */,
			);
			path = Storyboards;
			sourceTree = "<group>";
		};
/* End PBXGroup section */

/* Begin PBXNativeTarget section */
		FF286DD925486D9F00BDCDFF /* SwiftUISliderGame */ = {
			isa = PBXNativeTarget;
			buildConfigurationList = FF286DEE25486DA100BDCDFF /* Build configuration list for PBXNativeTarget "SwiftUISliderGame" */;
			buildPhases = (
				FF286DD625486D9F00BDCDFF /* Sources */,
				FF286DD725486D9F00BDCDFF /* Frameworks */,
				FF286DD825486D9F00BDCDFF /* Resources */,
			);
			buildRules = (
			);
			dependencies = (
			);
			name = SwiftUISliderGame;
			productName = SwiftUISliderGame;
			productReference = FF286DDA25486D9F00BDCDFF /* SwiftUISliderGame.app */;
			productType = "com.apple.product-type.application";
		};
/* End PBXNativeTarget section */

/* Begin PBXProject section */
		FF286DD225486D9F00BDCDFF /* Project object */ = {
			isa = PBXProject;
			attributes = {
				LastSwiftUpdateCheck = 1210;
				LastUpgradeCheck = 1210;
				TargetAttributes = {
					FF286DD925486D9F00BDCDFF = {
						CreatedOnToolsVersion = 12.1;
					};
				};
			};
			buildConfigurationList = FF286DD525486D9F00BDCDFF /* Build configuration list for PBXProject "SwiftUISliderGame" */;
			compatibilityVersion = "Xcode 9.3";
			developmentRegion = en;
			hasScannedForEncodings = 0;
			knownRegions = (
				en,
				Base,
			);
			mainGroup = FF286DD125486D9F00BDCDFF;
			productRefGroup = FF286DDB25486D9F00BDCDFF /* Products */;
			projectDirPath = "";
			projectRoot = "";
			targets = (
				FF286DD925486D9F00BDCDFF /* SwiftUISliderGame */,
			);
		};
/* End PBXProject section */

/* Begin PBXResourcesBuildPhase section */
		FF286DD825486D9F00BDCDFF /* Resources */ = {
			isa = PBXResourcesBuildPhase;
			buildActionMask = 2147483647;
			files = (
				FF286DEA25486DA100BDCDFF /* LaunchScreen.storyboard in Resources */,
				FF286DE725486DA100BDCDFF /* Preview Assets.xcassets in Resources */,
				FF286DE425486DA100BDCDFF /* Assets.xcassets in Resources */,
			);
			runOnlyForDeploymentPostprocessing = 0;
		};
/* End PBXResourcesBuildPhase section */

/* Begin PBXSourcesBuildPhase section */
		FF286DD625486D9F00BDCDFF /* Sources */ = {
			isa = PBXSourcesBuildPhase;
			buildActionMask = 2147483647;
			files = (
				FF286E0D2548899000BDCDFF /* ButtonTapped.swift in Sources */,
				FF286E0A2548852200BDCDFF /* LabelValue.swift in Sources */,
				FF286DDE25486D9F00BDCDFF /* AppDelegate.swift in Sources */,
				FF286DE025486D9F00BDCDFF /* SceneDelegate.swift in Sources */,
				FF286DFB2548709500BDCDFF /* GameUISlider.swift in Sources */,
				FF286DFF2548740E00BDCDFF /* GameSlider.swift in Sources */,
				FF286DE225486D9F00BDCDFF /* ContentView.swift in Sources */,
			);
			runOnlyForDeploymentPostprocessing = 0;
		};
/* End PBXSourcesBuildPhase section */

/* Begin PBXVariantGroup section */
		FF286DE825486DA100BDCDFF /* LaunchScreen.storyboard */ = {
			isa = PBXVariantGroup;
			children = (
				FF286DE925486DA100BDCDFF /* Base */,
			);
			name = LaunchScreen.storyboard;
			sourceTree = "<group>";
		};
/* End PBXVariantGroup section */

/* Begin XCBuildConfiguration section */
		FF286DEC25486DA100BDCDFF /* Debug */ = {
			isa = XCBuildConfiguration;
			buildSettings = {
				ALWAYS_SEARCH_USER_PATHS = NO;
				CLANG_ANALYZER_NONNULL = YES;
				CLANG_ANALYZER_NUMBER_OBJECT_CONVERSION = YES_AGGRESSIVE;
				CLANG_CXX_LANGUAGE_STANDARD = "gnu++14";
				CLANG_CXX_LIBRARY = "libc++";
				CLANG_ENABLE_MODULES = YES;
				CLANG_ENABLE_OBJC_ARC = YES;
				CLANG_ENABLE_OBJC_WEAK = YES;
				CLANG_WARN_BLOCK_CAPTURE_AUTORELEASING = YES;
				CLANG_WARN_BOOL_CONVERSION = YES;
				CLANG_WARN_COMMA = YES;
				CLANG_WARN_CONSTANT_CONVERSION = YES;
				CLANG_WARN_DEPRECATED_OBJC_IMPLEMENTATIONS = YES;
				CLANG_WARN_DIRECT_OBJC_ISA_USAGE = YES_ERROR;
				CLANG_WARN_DOCUMENTATION_COMMENTS = YES;
				CLANG_WARN_EMPTY_BODY = YES;
				CLANG_WARN_ENUM_CONVERSION = YES;
				CLANG_WARN_INFINITE_RECURSION = YES;
				CLANG_WARN_INT_CONVERSION = YES;
				CLANG_WARN_NON_LITERAL_NULL_CONVERSION = YES;
				CLANG_WARN_OBJC_IMPLICIT_RETAIN_SELF = YES;
				CLANG_WARN_OBJC_LITERAL_CONVERSION = YES;
				CLANG_WARN_OBJC_ROOT_CLASS = YES_ERROR;
				CLANG_WARN_QUOTED_INCLUDE_IN_FRAMEWORK_HEADER = YES;
				CLANG_WARN_RANGE_LOOP_ANALYSIS = YES;
				CLANG_WARN_STRICT_PROTOTYPES = YES;
				CLANG_WARN_SUSPICIOUS_MOVE = YES;
				CLANG_WARN_UNGUARDED_AVAILABILITY = YES_AGGRESSIVE;
				CLANG_WARN_UNREACHABLE_CODE = YES;
				CLANG_WARN__DUPLICATE_METHOD_MATCH = YES;
				COPY_PHASE_STRIP = NO;
				DEBUG_INFORMATION_FORMAT = dwarf;
				ENABLE_STRICT_OBJC_MSGSEND = YES;
				ENABLE_TESTABILITY = YES;
				GCC_C_LANGUAGE_STANDARD = gnu11;
				GCC_DYNAMIC_NO_PIC = NO;
				GCC_NO_COMMON_BLOCKS = YES;
				GCC_OPTIMIZATION_LEVEL = 0;
				GCC_PREPROCESSOR_DEFINITIONS = (
					"DEBUG=1",
					"$(inherited)",
				);
				GCC_WARN_64_TO_32_BIT_CONVERSION = YES;
				GCC_WARN_ABOUT_RETURN_TYPE = YES_ERROR;
				GCC_WARN_UNDECLARED_SELECTOR = YES;
				GCC_WARN_UNINITIALIZED_AUTOS = YES_AGGRESSIVE;
				GCC_WARN_UNUSED_FUNCTION = YES;
				GCC_WARN_UNUSED_VARIABLE = YES;
				IPHONEOS_DEPLOYMENT_TARGET = 14.1;
				MTL_ENABLE_DEBUG_INFO = INCLUDE_SOURCE;
				MTL_FAST_MATH = YES;
				ONLY_ACTIVE_ARCH = YES;
				SDKROOT = iphoneos;
				SWIFT_ACTIVE_COMPILATION_CONDITIONS = DEBUG;
				SWIFT_OPTIMIZATION_LEVEL = "-Onone";
			};
			name = Debug;
		};
		FF286DED25486DA100BDCDFF /* Release */ = {
			isa = XCBuildConfiguration;
			buildSettings = {
				ALWAYS_SEARCH_USER_PATHS = NO;
				CLANG_ANALYZER_NONNULL = YES;
				CLANG_ANALYZER_NUMBER_OBJECT_CONVERSION = YES_AGGRESSIVE;
				CLANG_CXX_LANGUAGE_STANDARD = "gnu++14";
				CLANG_CXX_LIBRARY = "libc++";
				CLANG_ENABLE_MODULES = YES;
				CLANG_ENABLE_OBJC_ARC = YES;
				CLANG_ENABLE_OBJC_WEAK = YES;
				CLANG_WARN_BLOCK_CAPTURE_AUTORELEASING = YES;
				CLANG_WARN_BOOL_CONVERSION = YES;
				CLANG_WARN_COMMA = YES;
				CLANG_WARN_CONSTANT_CONVERSION = YES;
				CLANG_WARN_DEPRECATED_OBJC_IMPLEMENTATIONS = YES;
				CLANG_WARN_DIRECT_OBJC_ISA_USAGE = YES_ERROR;
				CLANG_WARN_DOCUMENTATION_COMMENTS = YES;
				CLANG_WARN_EMPTY_BODY = YES;
				CLANG_WARN_ENUM_CONVERSION = YES;
				CLANG_WARN_INFINITE_RECURSION = YES;
				CLANG_WARN_INT_CONVERSION = YES;
				CLANG_WARN_NON_LITERAL_NULL_CONVERSION = YES;
				CLANG_WARN_OBJC_IMPLICIT_RETAIN_SELF = YES;
				CLANG_WARN_OBJC_LITERAL_CONVERSION = YES;
				CLANG_WARN_OBJC_ROOT_CLASS = YES_ERROR;
				CLANG_WARN_QUOTED_INCLUDE_IN_FRAMEWORK_HEADER = YES;
				CLANG_WARN_RANGE_LOOP_ANALYSIS = YES;
				CLANG_WARN_STRICT_PROTOTYPES = YES;
				CLANG_WARN_SUSPICIOUS_MOVE = YES;
				CLANG_WARN_UNGUARDED_AVAILABILITY = YES_AGGRESSIVE;
				CLANG_WARN_UNREACHABLE_CODE = YES;
				CLANG_WARN__DUPLICATE_METHOD_MATCH = YES;
				COPY_PHASE_STRIP = NO;
				DEBUG_INFORMATION_FORMAT = "dwarf-with-dsym";
				ENABLE_NS_ASSERTIONS = NO;
				ENABLE_STRICT_OBJC_MSGSEND = YES;
				GCC_C_LANGUAGE_STANDARD = gnu11;
				GCC_NO_COMMON_BLOCKS = YES;
				GCC_WARN_64_TO_32_BIT_CONVERSION = YES;
				GCC_WARN_ABOUT_RETURN_TYPE = YES_ERROR;
				GCC_WARN_UNDECLARED_SELECTOR = YES;
				GCC_WARN_UNINITIALIZED_AUTOS = YES_AGGRESSIVE;
				GCC_WARN_UNUSED_FUNCTION = YES;
				GCC_WARN_UNUSED_VARIABLE = YES;
				IPHONEOS_DEPLOYMENT_TARGET = 14.1;
				MTL_ENABLE_DEBUG_INFO = NO;
				MTL_FAST_MATH = YES;
				SDKROOT = iphoneos;
				SWIFT_COMPILATION_MODE = wholemodule;
				SWIFT_OPTIMIZATION_LEVEL = "-O";
				VALIDATE_PRODUCT = YES;
			};
			name = Release;
		};
		FF286DEF25486DA100BDCDFF /* Debug */ = {
			isa = XCBuildConfiguration;
			buildSettings = {
				ASSETCATALOG_COMPILER_APPICON_NAME = AppIcon;
				ASSETCATALOG_COMPILER_GLOBAL_ACCENT_COLOR_NAME = AccentColor;
				CODE_SIGN_STYLE = Automatic;
				DEVELOPMENT_ASSET_PATHS = "\"SwiftUISliderGame/Preview Content\"";
				DEVELOPMENT_TEAM = JBMRXJPY8V;
				ENABLE_PREVIEWS = YES;
				INFOPLIST_FILE = SwiftUISliderGame/SupportingFiles/Info.plist;
				LD_RUNPATH_SEARCH_PATHS = (
					"$(inherited)",
					"@executable_path/Frameworks",
				);
				PRODUCT_BUNDLE_IDENTIFIER = VS.SwiftUISliderGame;
				PRODUCT_NAME = "$(TARGET_NAME)";
				SWIFT_VERSION = 5.0;
				TARGETED_DEVICE_FAMILY = "1,2";
			};
			name = Debug;
		};
		FF286DF025486DA100BDCDFF /* Release */ = {
			isa = XCBuildConfiguration;
			buildSettings = {
				ASSETCATALOG_COMPILER_APPICON_NAME = AppIcon;
				ASSETCATALOG_COMPILER_GLOBAL_ACCENT_COLOR_NAME = AccentColor;
				CODE_SIGN_STYLE = Automatic;
				DEVELOPMENT_ASSET_PATHS = "\"SwiftUISliderGame/Preview Content\"";
				DEVELOPMENT_TEAM = JBMRXJPY8V;
				ENABLE_PREVIEWS = YES;
				INFOPLIST_FILE = SwiftUISliderGame/SupportingFiles/Info.plist;
				LD_RUNPATH_SEARCH_PATHS = (
					"$(inherited)",
					"@executable_path/Frameworks",
				);
				PRODUCT_BUNDLE_IDENTIFIER = VS.SwiftUISliderGame;
				PRODUCT_NAME = "$(TARGET_NAME)";
				SWIFT_VERSION = 5.0;
				TARGETED_DEVICE_FAMILY = "1,2";
			};
			name = Release;
		};
/* End XCBuildConfiguration section */

/* Begin XCConfigurationList section */
		FF286DD525486D9F00BDCDFF /* Build configuration list for PBXProject "SwiftUISliderGame" */ = {
			isa = XCConfigurationList;
			buildConfigurations = (
				FF286DEC25486DA100BDCDFF /* Debug */,
				FF286DED25486DA100BDCDFF /* Release */,
			);
			defaultConfigurationIsVisible = 0;
			defaultConfigurationName = Release;
		};
		FF286DEE25486DA100BDCDFF /* Build configuration list for PBXNativeTarget "SwiftUISliderGame" */ = {
			isa = XCConfigurationList;
			buildConfigurations = (
				FF286DEF25486DA100BDCDFF /* Debug */,
				FF286DF025486DA100BDCDFF /* Release */,
			);
			defaultConfigurationIsVisible = 0;
			defaultConfigurationName = Release;
		};
/* End XCConfigurationList section */
	};
	rootObject = FF286DD225486D9F00BDCDFF /* Project object */;
}
